
Microsoft Visual Studio Solution File, Format Version 12.00
# Visual Studio Version 17
VisualStudioVersion = 17.10.35201.131
MinimumVisualStudioVersion = 10.0.40219.1
Project("{FAE04EC0-301F-11D3-BF4B-00C04F79EFBC}") = "INDT.Common.Insurance.Infra.Mysql.Repository", "INDT.Common.Insurance.Infra.Mysql.Repository.csproj", "{3165226D-7477-47DC-BFD6-A56218CE3D70}"
EndProject
Project("{9A19103F-16F7-4668-BE54-9A1E7A4F7556}") = "INDT.Common.Insurance.Domain", "..\INDT.Common.Insurance.Domain\INDT.Common.Insurance.Domain.csproj", "{7E7332DA-F459-4585-9527-4FC7ADC694A7}"
EndProject
Global
	GlobalSection(SolutionConfigurationPlatforms) = preSolution
		Debug|Any CPU = Debug|Any CPU
		Release|Any CPU = Release|Any CPU
	EndGlobalSection
	GlobalSection(ProjectConfigurationPlatforms) = postSolution
		{3165226D-7477-47DC-BFD6-A56218CE3D70}.Debug|Any CPU.ActiveCfg = Debug|Any CPU
		{3165226D-7477-47DC-BFD6-A56218CE3D70}.Debug|Any CPU.Build.0 = Debug|Any CPU
		{3165226D-7477-47DC-BFD6-A56218CE3D70}.Release|Any CPU.ActiveCfg = Release|Any CPU
		{3165226D-7477-47DC-BFD6-A56218CE3D70}.Release|Any CPU.Build.0 = Release|Any CPU
		{7E7332DA-F459-4585-9527-4FC7ADC694A7}.Debug|Any CPU.ActiveCfg = Debug|Any CPU
		{7E7332DA-F459-4585-9527-4FC7ADC694A7}.Debug|Any CPU.Build.0 = Debug|Any CPU
		{7E7332DA-F459-4585-9527-4FC7ADC694A7}.Release|Any CPU.ActiveCfg = Release|Any CPU
		{7E7332DA-F459-4585-9527-4FC7ADC694A7}.Release|Any CPU.Build.0 = Release|Any CPU
	EndGlobalSection
	GlobalSection(SolutionProperties) = preSolution
		HideSolutionNode = FALSE
	EndGlobalSection
	GlobalSection(ExtensibilityGlobals) = postSolution
		SolutionGuid = {1DF31E0D-73C8-4AF9-A76C-8987C90FE949}
	EndGlobalSection
EndGlobal
